
Microsoft Visual Studio Solution File, Format Version 12.00
# Visual Studio Version 17
Project("{8BC9CEB8-8B4A-11D0-8D11-00A0C91BC942}") = "ALL_BUILD", "ALL_BUILD.vcxproj", "{58FBCA51-CA98-315E-A0F4-128B71E462D6}"
	ProjectSection(ProjectDependencies) = postProject
		{53217FBB-3FEA-3161-A228-522C4AA2D2BA} = {53217FBB-3FEA-3161-A228-522C4AA2D2BA}
		{64F6F63F-A98D-3F21-B9E6-D3CA595684E9} = {64F6F63F-A98D-3F21-B9E6-D3CA595684E9}
		{44EB298C-CD0B-3F9C-99F8-47788312E2D4} = {44EB298C-CD0B-3F9C-99F8-47788312E2D4}
		{60C2A098-F6CA-3519-B583-0A203FFA3701} = {60C2A098-F6CA-3519-B583-0A203FFA3701}
		{9607C67E-9CE6-3AB7-A04F-53B9590F89EB} = {9607C67E-9CE6-3AB7-A04F-53B9590F89EB}
		{D131474B-4C64-35DA-9C41-679EB2E9F5A0} = {D131474B-4C64-35DA-9C41-679EB2E9F5A0}
	EndProjectSection
EndProject
Project("{8BC9CEB8-8B4A-11D0-8D11-00A0C91BC942}") = "INSTALL", "INSTALL.vcxproj", "{26EF9497-23E0-3C08-A1CA-7A4F8D247E87}"
	ProjectSection(ProjectDependencies) = postProject
		{58FBCA51-CA98-315E-A0F4-128B71E462D6} = {58FBCA51-CA98-315E-A0F4-128B71E462D6}
		{53217FBB-3FEA-3161-A228-522C4AA2D2BA} = {53217FBB-3FEA-3161-A228-522C4AA2D2BA}
	EndProjectSection
EndProject
Project("{8BC9CEB8-8B4A-11D0-8D11-00A0C91BC942}") = "ZERO_CHECK", "..\\ZERO_CHECK.vcxproj", "{53217FBB-3FEA-3161-A228-522C4AA2D2BA}"
	ProjectSection(ProjectDependencies) = postProject
	EndProjectSection
EndProject
Project("{8BC9CEB8-8B4A-11D0-8D11-00A0C91BC942}") = "ats-v3-lib", "..\src\ats-v3-lib.vcxproj", "{CB623472-3CDC-3626-BF11-2D42809BC3CF}"
	ProjectSection(ProjectDependencies) = postProject
		{53217FBB-3FEA-3161-A228-522C4AA2D2BA} = {53217FBB-3FEA-3161-A228-522C4AA2D2BA}
	EndProjectSection
EndProject
Project("{8BC9CEB8-8B4A-11D0-8D11-00A0C91BC942}") = "gmock", "googletest\googlemock\gmock.vcxproj", "{64F6F63F-A98D-3F21-B9E6-D3CA595684E9}"
	ProjectSection(ProjectDependencies) = postProject
		{53217FBB-3FEA-3161-A228-522C4AA2D2BA} = {53217FBB-3FEA-3161-A228-522C4AA2D2BA}
	EndProjectSection
EndProject
Project("{8BC9CEB8-8B4A-11D0-8D11-00A0C91BC942}") = "gmock_main", "googletest\googlemock\gmock_main.vcxproj", "{44EB298C-CD0B-3F9C-99F8-47788312E2D4}"
	ProjectSection(ProjectDependencies) = postProject
		{53217FBB-3FEA-3161-A228-522C4AA2D2BA} = {53217FBB-3FEA-3161-A228-522C4AA2D2BA}
	EndProjectSection
EndProject
Project("{8BC9CEB8-8B4A-11D0-8D11-00A0C91BC942}") = "gtest", "googletest\googletest\gtest.vcxproj", "{60C2A098-F6CA-3519-B583-0A203FFA3701}"
	ProjectSection(ProjectDependencies) = postProject
		{53217FBB-3FEA-3161-A228-522C4AA2D2BA} = {53217FBB-3FEA-3161-A228-522C4AA2D2BA}
	EndProjectSection
EndProject
Project("{8BC9CEB8-8B4A-11D0-8D11-00A0C91BC942}") = "gtest_main", "googletest\googletest\gtest_main.vcxproj", "{9607C67E-9CE6-3AB7-A04F-53B9590F89EB}"
	ProjectSection(ProjectDependencies) = postProject
		{53217FBB-3FEA-3161-A228-522C4AA2D2BA} = {53217FBB-3FEA-3161-A228-522C4AA2D2BA}
		{60C2A098-F6CA-3519-B583-0A203FFA3701} = {60C2A098-F6CA-3519-B583-0A203FFA3701}
	EndProjectSection
EndProject
Project("{8BC9CEB8-8B4A-11D0-8D11-00A0C91BC942}") = "run_tests", "run_tests.vcxproj", "{D131474B-4C64-35DA-9C41-679EB2E9F5A0}"
	ProjectSection(ProjectDependencies) = postProject
		{53217FBB-3FEA-3161-A228-522C4AA2D2BA} = {53217FBB-3FEA-3161-A228-522C4AA2D2BA}
		{CB623472-3CDC-3626-BF11-2D42809BC3CF} = {CB623472-3CDC-3626-BF11-2D42809BC3CF}
		{64F6F63F-A98D-3F21-B9E6-D3CA595684E9} = {64F6F63F-A98D-3F21-B9E6-D3CA595684E9}
		{60C2A098-F6CA-3519-B583-0A203FFA3701} = {60C2A098-F6CA-3519-B583-0A203FFA3701}
		{9607C67E-9CE6-3AB7-A04F-53B9590F89EB} = {9607C67E-9CE6-3AB7-A04F-53B9590F89EB}
	EndProjectSection
EndProject
Global
	GlobalSection(SolutionConfigurationPlatforms) = preSolution
		Debug|x64 = Debug|x64
		Release|x64 = Release|x64
		MinSizeRel|x64 = MinSizeRel|x64
		RelWithDebInfo|x64 = RelWithDebInfo|x64
	EndGlobalSection
	GlobalSection(ProjectConfigurationPlatforms) = postSolution
		{58FBCA51-CA98-315E-A0F4-128B71E462D6}.Debug|x64.ActiveCfg = Debug|x64
		{58FBCA51-CA98-315E-A0F4-128B71E462D6}.Debug|x64.Build.0 = Debug|x64
		{58FBCA51-CA98-315E-A0F4-128B71E462D6}.Release|x64.ActiveCfg = Release|x64
		{58FBCA51-CA98-315E-A0F4-128B71E462D6}.Release|x64.Build.0 = Release|x64
		{58FBCA51-CA98-315E-A0F4-128B71E462D6}.MinSizeRel|x64.ActiveCfg = MinSizeRel|x64
		{58FBCA51-CA98-315E-A0F4-128B71E462D6}.MinSizeRel|x64.Build.0 = MinSizeRel|x64
		{58FBCA51-CA98-315E-A0F4-128B71E462D6}.RelWithDebInfo|x64.ActiveCfg = RelWithDebInfo|x64
		{58FBCA51-CA98-315E-A0F4-128B71E462D6}.RelWithDebInfo|x64.Build.0 = RelWithDebInfo|x64
		{26EF9497-23E0-3C08-A1CA-7A4F8D247E87}.Debug|x64.ActiveCfg = Debug|x64
		{26EF9497-23E0-3C08-A1CA-7A4F8D247E87}.Release|x64.ActiveCfg = Release|x64
		{26EF9497-23E0-3C08-A1CA-7A4F8D247E87}.MinSizeRel|x64.ActiveCfg = MinSizeRel|x64
		{26EF9497-23E0-3C08-A1CA-7A4F8D247E87}.RelWithDebInfo|x64.ActiveCfg = RelWithDebInfo|x64
		{53217FBB-3FEA-3161-A228-522C4AA2D2BA}.Debug|x64.ActiveCfg = Debug|x64
		{53217FBB-3FEA-3161-A228-522C4AA2D2BA}.Debug|x64.Build.0 = Debug|x64
		{53217FBB-3FEA-3161-A228-522C4AA2D2BA}.Release|x64.ActiveCfg = Release|x64
		{53217FBB-3FEA-3161-A228-522C4AA2D2BA}.Release|x64.Build.0 = Release|x64
		{53217FBB-3FEA-3161-A228-522C4AA2D2BA}.MinSizeRel|x64.ActiveCfg = MinSizeRel|x64
		{53217FBB-3FEA-3161-A228-522C4AA2D2BA}.MinSizeRel|x64.Build.0 = MinSizeRel|x64
		{53217FBB-3FEA-3161-A228-522C4AA2D2BA}.RelWithDebInfo|x64.ActiveCfg = RelWithDebInfo|x64
		{53217FBB-3FEA-3161-A228-522C4AA2D2BA}.RelWithDebInfo|x64.Build.0 = RelWithDebInfo|x64
		{CB623472-3CDC-3626-BF11-2D42809BC3CF}.Debug|x64.ActiveCfg = Debug|x64
		{CB623472-3CDC-3626-BF11-2D42809BC3CF}.Debug|x64.Build.0 = Debug|x64
		{CB623472-3CDC-3626-BF11-2D42809BC3CF}.Release|x64.ActiveCfg = Release|x64
		{CB623472-3CDC-3626-BF11-2D42809BC3CF}.Release|x64.Build.0 = Release|x64
		{CB623472-3CDC-3626-BF11-2D42809BC3CF}.MinSizeRel|x64.ActiveCfg = MinSizeRel|x64
		{CB623472-3CDC-3626-BF11-2D42809BC3CF}.MinSizeRel|x64.Build.0 = MinSizeRel|x64
		{CB623472-3CDC-3626-BF11-2D42809BC3CF}.RelWithDebInfo|x64.ActiveCfg = RelWithDebInfo|x64
		{CB623472-3CDC-3626-BF11-2D42809BC3CF}.RelWithDebInfo|x64.Build.0 = RelWithDebInfo|x64
		{64F6F63F-A98D-3F21-B9E6-D3CA595684E9}.Debug|x64.ActiveCfg = Debug|x64
		{64F6F63F-A98D-3F21-B9E6-D3CA595684E9}.Debug|x64.Build.0 = Debug|x64
		{64F6F63F-A98D-3F21-B9E6-D3CA595684E9}.Release|x64.ActiveCfg = Release|x64
		{64F6F63F-A98D-3F21-B9E6-D3CA595684E9}.Release|x64.Build.0 = Release|x64
		{64F6F63F-A98D-3F21-B9E6-D3CA595684E9}.MinSizeRel|x64.ActiveCfg = MinSizeRel|x64
		{64F6F63F-A98D-3F21-B9E6-D3CA595684E9}.MinSizeRel|x64.Build.0 = MinSizeRel|x64
		{64F6F63F-A98D-3F21-B9E6-D3CA595684E9}.RelWithDebInfo|x64.ActiveCfg = RelWithDebInfo|x64
		{64F6F63F-A98D-3F21-B9E6-D3CA595684E9}.RelWithDebInfo|x64.Build.0 = RelWithDebInfo|x64
		{44EB298C-CD0B-3F9C-99F8-47788312E2D4}.Debug|x64.ActiveCfg = Debug|x64
		{44EB298C-CD0B-3F9C-99F8-47788312E2D4}.Debug|x64.Build.0 = Debug|x64
		{44EB298C-CD0B-3F9C-99F8-47788312E2D4}.Release|x64.ActiveCfg = Release|x64
		{44EB298C-CD0B-3F9C-99F8-47788312E2D4}.Release|x64.Build.0 = Release|x64
		{44EB298C-CD0B-3F9C-99F8-47788312E2D4}.MinSizeRel|x64.ActiveCfg = MinSizeRel|x64
		{44EB298C-CD0B-3F9C-99F8-47788312E2D4}.MinSizeRel|x64.Build.0 = MinSizeRel|x64
		{44EB298C-CD0B-3F9C-99F8-47788312E2D4}.RelWithDebInfo|x64.ActiveCfg = RelWithDebInfo|x64
		{44EB298C-CD0B-3F9C-99F8-47788312E2D4}.RelWithDebInfo|x64.Build.0 = RelWithDebInfo|x64
		{60C2A098-F6CA-3519-B583-0A203FFA3701}.Debug|x64.ActiveCfg = Debug|x64
		{60C2A098-F6CA-3519-B583-0A203FFA3701}.Debug|x64.Build.0 = Debug|x64
		{60C2A098-F6CA-3519-B583-0A203FFA3701}.Release|x64.ActiveCfg = Release|x64
		{60C2A098-F6CA-3519-B583-0A203FFA3701}.Release|x64.Build.0 = Release|x64
		{60C2A098-F6CA-3519-B583-0A203FFA3701}.MinSizeRel|x64.ActiveCfg = MinSizeRel|x64
		{60C2A098-F6CA-3519-B583-0A203FFA3701}.MinSizeRel|x64.Build.0 = MinSizeRel|x64
		{60C2A098-F6CA-3519-B583-0A203FFA3701}.RelWithDebInfo|x64.ActiveCfg = RelWithDebInfo|x64
		{60C2A098-F6CA-3519-B583-0A203FFA3701}.RelWithDebInfo|x64.Build.0 = RelWithDebInfo|x64
		{9607C67E-9CE6-3AB7-A04F-53B9590F89EB}.Debug|x64.ActiveCfg = Debug|x64
		{9607C67E-9CE6-3AB7-A04F-53B9590F89EB}.Debug|x64.Build.0 = Debug|x64
		{9607C67E-9CE6-3AB7-A04F-53B9590F89EB}.Release|x64.ActiveCfg = Release|x64
		{9607C67E-9CE6-3AB7-A04F-53B9590F89EB}.Release|x64.Build.0 = Release|x64
		{9607C67E-9CE6-3AB7-A04F-53B9590F89EB}.MinSizeRel|x64.ActiveCfg = MinSizeRel|x64
		{9607C67E-9CE6-3AB7-A04F-53B9590F89EB}.MinSizeRel|x64.Build.0 = MinSizeRel|x64
		{9607C67E-9CE6-3AB7-A04F-53B9590F89EB}.RelWithDebInfo|x64.ActiveCfg = RelWithDebInfo|x64
		{9607C67E-9CE6-3AB7-A04F-53B9590F89EB}.RelWithDebInfo|x64.Build.0 = RelWithDebInfo|x64
		{D131474B-4C64-35DA-9C41-679EB2E9F5A0}.Debug|x64.ActiveCfg = Debug|x64
		{D131474B-4C64-35DA-9C41-679EB2E9F5A0}.Debug|x64.Build.0 = Debug|x64
		{D131474B-4C64-35DA-9C41-679EB2E9F5A0}.Release|x64.ActiveCfg = Release|x64
		{D131474B-4C64-35DA-9C41-679EB2E9F5A0}.Release|x64.Build.0 = Release|x64
		{D131474B-4C64-35DA-9C41-679EB2E9F5A0}.MinSizeRel|x64.ActiveCfg = MinSizeRel|x64
		{D131474B-4C64-35DA-9C41-679EB2E9F5A0}.MinSizeRel|x64.Build.0 = MinSizeRel|x64
		{D131474B-4C64-35DA-9C41-679EB2E9F5A0}.RelWithDebInfo|x64.ActiveCfg = RelWithDebInfo|x64
		{D131474B-4C64-35DA-9C41-679EB2E9F5A0}.RelWithDebInfo|x64.Build.0 = RelWithDebInfo|x64
	EndGlobalSection
	GlobalSection(ExtensibilityGlobals) = postSolution
		SolutionGuid = {059CC33E-2CAD-355F-B2B4-A0FF7BEE6733}
	EndGlobalSection
	GlobalSection(ExtensibilityAddIns) = postSolution
	EndGlobalSection
EndGlobal
